PODS:
  - Ads-Fusion-CN-Beta/BUAdSDK (5.7.0.8):
    - BURelyFoundation/CSJ (= 0.3.0.7)
  - Ads-Fusion-CN-Beta/CSJMediation (5.7.0.8):
    - Ads-Fusion-CN-Beta/BUAdSDK
  - BURelyFoundation/AFNetworking (0.3.0.7)
  - BURelyFoundation/BURelyFoundationHeader (0.3.0.7)
  - BURelyFoundation/CSJ (0.3.0.7):
    - BURelyFoundation/BURelyFoundationHeader
    - BURelyFoundation/HM
    - BURelyFoundation/NETWork
  - BURelyFoundation/HM (0.3.0.7)
  - BURelyFoundation/NETWork (0.3.0.7):
    - BURelyFoundation/AFNetworking
  - MYIOSAdsSDK (0.1.0):
    - Ads-Fusion-CN-Beta/BUAdSDK (= 5.7.0.8)
    - Ads-Fusion-CN-Beta/CSJMediation (= 5.7.0.8)

DEPENDENCIES:
  - MYIOSAdsSDK (from `../`)

SPEC REPOS:
  trunk:
    - Ads-Fusion-CN-Beta
    - BURelyFoundation

EXTERNAL SOURCES:
  MYIOSAdsSDK:
    :path: "../"

SPEC CHECKSUMS:
  Ads-Fusion-CN-Beta: b24c5ebc64156900daf68751537582841920d328
  BURelyFoundation: bfffcd4174e88fde6a73c1d521b801ba117d15b6
  MYIOSAdsSDK: 9db7fb1c9bc33bc91769cf17640f61ab8b04c1d9

PODFILE CHECKSUM: 8dbced0287a6328759f5a17d21307b2ecedca7a1

COCOAPODS: 1.14.3
