PODS:
  - Ads-CN-Beta/BUAdSDK (6.9.0.3)
  - Ads-CN-Beta/CSJMediation (6.9.0.3):
    - Ads-CN-Beta/BUAdSDK
  - BeiZiSDK-iOS/BeiZiSDK-iOS (4.90.4.30)
  - CocoaAsyncSocket (7.6.5)
  - GDTMobSDK (4.15.40)
  - HRAdSDK/HR (1.7.19.0)
  - JADYun (2.6.8)
  - KSAdSDK (3.3.76.5)
  - KSCrash (1.17.7):
    - KSCrash/Installations (= 1.17.7)
  - KSCrash/Installations (1.17.7):
    - KSCrash/Recording
    - KSCrash/Reporting
  - KSCrash/Recording (1.17.7):
    - KSCrash/Recording/Tools (= 1.17.7)
  - KSCrash/Recording/Tools (1.17.7)
  - KSCrash/Reporting (1.17.7):
    - KSCrash/Recording
    - KSCrash/Reporting/Filters (= 1.17.7)
    - KSCrash/Reporting/MessageUI (= 1.17.7)
    - KSCrash/Reporting/Sinks (= 1.17.7)
    - KSCrash/Reporting/Tools (= 1.17.7)
  - KSCrash/Reporting/Filters (1.17.7):
    - KSCrash/Recording
    - KSCrash/Reporting/Filters/Alert (= 1.17.7)
    - KSCrash/Reporting/Filters/AppleFmt (= 1.17.7)
    - KSCrash/Reporting/Filters/Base (= 1.17.7)
    - KSCrash/Reporting/Filters/Basic (= 1.17.7)
    - KSCrash/Reporting/Filters/GZip (= 1.17.7)
    - KSCrash/Reporting/Filters/JSON (= 1.17.7)
    - KSCrash/Reporting/Filters/Sets (= 1.17.7)
    - KSCrash/Reporting/Filters/Stringify (= 1.17.7)
    - KSCrash/Reporting/Filters/Tools (= 1.17.7)
  - KSCrash/Reporting/Filters/Alert (1.17.7):
    - KSCrash/Recording
    - KSCrash/Reporting/Filters/Base
  - KSCrash/Reporting/Filters/AppleFmt (1.17.7):
    - KSCrash/Recording
    - KSCrash/Reporting/Filters/Base
  - KSCrash/Reporting/Filters/Base (1.17.7):
    - KSCrash/Recording
  - KSCrash/Reporting/Filters/Basic (1.17.7):
    - KSCrash/Recording
    - KSCrash/Reporting/Filters/Base
  - KSCrash/Reporting/Filters/GZip (1.17.7):
    - KSCrash/Recording
    - KSCrash/Reporting/Filters/Base
  - KSCrash/Reporting/Filters/JSON (1.17.7):
    - KSCrash/Recording
    - KSCrash/Reporting/Filters/Base
  - KSCrash/Reporting/Filters/Sets (1.17.7):
    - KSCrash/Recording
    - KSCrash/Reporting/Filters/AppleFmt
    - KSCrash/Reporting/Filters/Base
    - KSCrash/Reporting/Filters/Basic
    - KSCrash/Reporting/Filters/GZip
    - KSCrash/Reporting/Filters/JSON
    - KSCrash/Reporting/Filters/Stringify
  - KSCrash/Reporting/Filters/Stringify (1.17.7):
    - KSCrash/Recording
    - KSCrash/Reporting/Filters/Base
  - KSCrash/Reporting/Filters/Tools (1.17.7):
    - KSCrash/Recording
  - KSCrash/Reporting/MessageUI (1.17.7):
    - KSCrash/Recording
  - KSCrash/Reporting/Sinks (1.17.7):
    - KSCrash/Recording
    - KSCrash/Reporting/Filters
    - KSCrash/Reporting/Tools
  - KSCrash/Reporting/Tools (1.17.7):
    - KSCrash/Recording
  - Masonry (1.1.0)
  - MYIOSAdsSDK (5.6.18):
    - CocoaAsyncSocket
    - KSCrash (~> 1.17.7)
    - Masonry
    - SDWebImage
  - OctopusSDK (1.6.2.13):
    - OctopusSDK/OctopusBaseSDK (= 1.6.2.13)
  - OctopusSDK/OctopusBaseSDK (1.6.2.13)
  - QMAdSDK (1.3.4)
  - SDWebImage (5.21.0):
    - SDWebImage/Core (= 5.21.0)
  - SDWebImage/Core (5.21.0)
  - WechatOpenSDK_UnPay (1.8.7.1)

DEPENDENCIES:
  - Ads-CN-Beta/BUAdSDK (~> 6.9.0.3)
  - Ads-CN-Beta/CSJMediation (~> 6.9.0.3)
  - BeiZiSDK-iOS/BeiZiSDK-iOS (= 4.90.4.30)
  - GDTMobSDK (~> 4.15.40)
  - HRAdSDK/HR (= 1.7.19.0)
  - JADYun (= 2.6.8)
  - KSAdSDK (~> 3.3.76.5)
  - MYIOSAdsSDK (from `../`)
  - OctopusSDK (= 1.6.2.13)
  - QMAdSDK (= 1.3.4)
  - WechatOpenSDK_UnPay

SPEC REPOS:
  trunk:
    - Ads-CN-Beta
    - BeiZiSDK-iOS
    - CocoaAsyncSocket
    - GDTMobSDK
    - HRAdSDK
    - JADYun
    - KSAdSDK
    - KSCrash
    - Masonry
    - OctopusSDK
    - QMAdSDK
    - SDWebImage
    - WechatOpenSDK_UnPay

EXTERNAL SOURCES:
  MYIOSAdsSDK:
    :path: "../"

SPEC CHECKSUMS:
  Ads-CN-Beta: 5428fcbb80e6e84d38c36034a73663bd71c109d0
  BeiZiSDK-iOS: 89dd02c63f36d4539678ee1d0b24cac934a16d48
  CocoaAsyncSocket: 065fd1e645c7abab64f7a6a2007a48038fdc6a99
  GDTMobSDK: ec2e9b392268a556e4d5e6ade6d00885d76a2cc5
  HRAdSDK: 09312f6d54397da0e0b3929eeb522039a869930c
  JADYun: fe7f107f9baa699ef768fd3bb74d2b0aee70bb48
  KSAdSDK: 209b3b1b6b392f06cb8b67966139cf6859174455
  KSCrash: ea6fc545b7dbb916a141aaadd4343fb891141290
  Masonry: 678fab65091a9290e40e2832a55e7ab731aad201
  MYIOSAdsSDK: 0ec6f977c959be496912f84a8913f9ca618c0f94
  OctopusSDK: 3e96776e4dbee8f10968ba1cb667519cd04d470c
  QMAdSDK: 4af9116596cc11095bb80b194aa155e50ee6b325
  SDWebImage: f84b0feeb08d2d11e6a9b843cb06d75ebf5b8868
  WechatOpenSDK_UnPay: 676bbc44d7309dce90697c2426f5b67304f42a2a

PODFILE CHECKSUM: bee6c85435d6dc61725c8e248f1c0b8770253571

COCOAPODS: 1.16.2
